
Microsoft Visual Studio Solution File, Format Version 12.00
# Visual Studio Version 17
VisualStudioVersion = 17.7.34031.279
MinimumVisualStudioVersion = 10.0.40219.1
Project("{FAE04EC0-301F-11D3-BF4B-00C04F79EFBC}") = "BlogAPI", "BlogAPI\BlogAPI.csproj", "{299C2646-6D20-43F5-8AAD-3CCEB7611DAE}"
EndProject
Global
	GlobalSection(SolutionConfigurationPlatforms) = preSolution
		Debug|Any CPU = Debug|Any CPU
		Release|Any CPU = Release|Any CPU
	EndGlobalSection
	GlobalSection(ProjectConfigurationPlatforms) = postSolution
		{299C2646-6D20-43F5-8AAD-3CCEB7611DAE}.Debug|Any CPU.ActiveCfg = Debug|Any CPU
		{299C2646-6D20-43F5-8AAD-3CCEB7611DAE}.Debug|Any CPU.Build.0 = Debug|Any CPU
		{299C2646-6D20-43F5-8AAD-3CCEB7611DAE}.Release|Any CPU.ActiveCfg = Release|Any CPU
		{299C2646-6D20-43F5-8AAD-3CCEB7611DAE}.Release|Any CPU.Build.0 = Release|Any CPU
	EndGlobalSection
	GlobalSection(SolutionProperties) = preSolution
		HideSolutionNode = FALSE
	EndGlobalSection
	GlobalSection(ExtensibilityGlobals) = postSolution
		SolutionGuid = {EDB8C647-71A3-4776-8F65-D92A495A8879}
	EndGlobalSection
EndGlobal
